// !$*UTF8*$!
{
	archiveVersion = 1;
	classes = {
	};
	objectVersion = 77;
	objects = {

/* Begin PBXBuildFile section */
		87C7216B2D58A91400D0C1FA /* Info.plist in Resources */ = {isa = PBXBuildFile; fileRef = 87C7216A2D58A91400D0C1FA /* Info.plist */; };
		87C7216C2D58A91400D0C1FA /* Info.plist in Resources */ = {isa = PBXBuildFile; fileRef = 87C7216A2D58A91400D0C1FA /* Info.plist */; };
		87C7216D2D58A91400D0C1FA /* Info.plist in Resources */ = {isa = PBXBuildFile; fileRef = 87C7216A2D58A91400D0C1FA /* Info.plist */; };
		87C7216F2D58A96800D0C1FA /* SpotifyAuthManager.swift in Sources */ = {isa = PBXBuildFile; fileRef = 87C7216E2D58A96800D0C1FA /* SpotifyAuthManager.swift */; };
		87C721702D58A96800D0C1FA /* SpotifyAuthManager.swift in Sources */ = {isa = PBXBuildFile; fileRef = 87C7216E2D58A96800D0C1FA /* SpotifyAuthManager.swift */; };
		87C721712D58A96800D0C1FA /* SpotifyAuthManager.swift in Sources */ = {isa = PBXBuildFile; fileRef = 87C7216E2D58A96800D0C1FA /* SpotifyAuthManager.swift */; };
		87C721732D58A99C00D0C1FA /* AppDelegate.swift in Sources */ = {isa = PBXBuildFile; fileRef = 87C721722D58A99C00D0C1FA /* AppDelegate.swift */; };
		87C721742D58A99C00D0C1FA /* AppDelegate.swift in Sources */ = {isa = PBXBuildFile; fileRef = 87C721722D58A99C00D0C1FA /* AppDelegate.swift */; };
		87C721752D58A99C00D0C1FA /* AppDelegate.swift in Sources */ = {isa = PBXBuildFile; fileRef = 87C721722D58A99C00D0C1FA /* AppDelegate.swift */; };
/* End PBXBuildFile section */

/* Begin PBXContainerItemProxy section */
		878781662D588A4F00FD73C8 /* PBXContainerItemProxy */ = {
			isa = PBXContainerItemProxy;
			containerPortal = 8787814C2D588A4C00FD73C8 /* Project object */;
			proxyType = 1;
			remoteGlobalIDString = 878781532D588A4C00FD73C8;
			remoteInfo = ChillSpace;
		};
		878781702D588A4F00FD73C8 /* PBXContainerItemProxy */ = {
			isa = PBXContainerItemProxy;
			containerPortal = 8787814C2D588A4C00FD73C8 /* Project object */;
			proxyType = 1;
			remoteGlobalIDString = 878781532D588A4C00FD73C8;
			remoteInfo = ChillSpace;
		};
/* End PBXContainerItemProxy section */

/* Begin PBXFileReference section */
		878781542D588A4C00FD73C8 /* ChillSpace.app */ = {isa = PBXFileReference; explicitFileType = wrapper.application; includeInIndex = 0; path = ChillSpace.app; sourceTree = BUILT_PRODUCTS_DIR; };
		878781652D588A4F00FD73C8 /* ChillSpaceTests.xctest */ = {isa = PBXFileReference; explicitFileType = wrapper.cfbundle; includeInIndex = 0; path = ChillSpaceTests.xctest; sourceTree = BUILT_PRODUCTS_DIR; };
		8787816F2D588A4F00FD73C8 /* ChillSpaceUITests.xctest */ = {isa = PBXFileReference; explicitFileType = wrapper.cfbundle; includeInIndex = 0; path = ChillSpaceUITests.xctest; sourceTree = BUILT_PRODUCTS_DIR; };
		87C7216A2D58A91400D0C1FA /* Info.plist */ = {isa = PBXFileReference; lastKnownFileType = text.plist.xml; path = Info.plist; sourceTree = "<group>"; };
		87C7216E2D58A96800D0C1FA /* SpotifyAuthManager.swift */ = {isa = PBXFileReference; lastKnownFileType = sourcecode.swift; path = SpotifyAuthManager.swift; sourceTree = "<group>"; };
		87C721722D58A99C00D0C1FA /* AppDelegate.swift */ = {isa = PBXFileReference; lastKnownFileType = sourcecode.swift; path = AppDelegate.swift; sourceTree = "<group>"; };
/* End PBXFileReference section */

/* Begin PBXFileSystemSynchronizedRootGroup section */
		878781562D588A4C00FD73C8 /* ChillSpace */ = {
			isa = PBXFileSystemSynchronizedRootGroup;
			path = ChillSpace;
			sourceTree = "<group>";
		};
		878781682D588A4F00FD73C8 /* ChillSpaceTests */ = {
			isa = PBXFileSystemSynchronizedRootGroup;
			path = ChillSpaceTests;
			sourceTree = "<group>";
		};
		878781722D588A4F00FD73C8 /* ChillSpaceUITests */ = {
			isa = PBXFileSystemSynchronizedRootGroup;
			path = ChillSpaceUITests;
			sourceTree = "<group>";
		};
/* End PBXFileSystemSynchronizedRootGroup section */

/* Begin PBXFrameworksBuildPhase section */
		878781512D588A4C00FD73C8 /* Frameworks */ = {
			isa = PBXFrameworksBuildPhase;
			buildActionMask = 2147483647;
			files = (
			);
			runOnlyForDeploymentPostprocessing = 0;
		};
		878781622D588A4F00FD73C8 /* Frameworks */ = {
			isa = PBXFrameworksBuildPhase;
			buildActionMask = 2147483647;
			files = (
			);
			runOnlyForDeploymentPostprocessing = 0;
		};
		8787816C2D588A4F00FD73C8 /* Frameworks */ = {
			isa = PBXFrameworksBuildPhase;
			buildActionMask = 2147483647;
			files = (
			);
			runOnlyForDeploymentPostprocessing = 0;
		};
/* End PBXFrameworksBuildPhase section */

/* Begin PBXGroup section */
		8787814B2D588A4C00FD73C8 = {
			isa = PBXGroup;
			children = (
				87C721722D58A99C00D0C1FA /* AppDelegate.swift */,
				87C7216E2D58A96800D0C1FA /* SpotifyAuthManager.swift */,
				87C7216A2D58A91400D0C1FA /* Info.plist */,
				878781562D588A4C00FD73C8 /* ChillSpace */,
				878781682D588A4F00FD73C8 /* ChillSpaceTests */,
				878781722D588A4F00FD73C8 /* ChillSpaceUITests */,
				878781552D588A4C00FD73C8 /* Products */,
			);
			sourceTree = "<group>";
		};
		878781552D588A4C00FD73C8 /* Products */ = {
			isa = PBXGroup;
			children = (
				878781542D588A4C00FD73C8 /* ChillSpace.app */,
				878781652D588A4F00FD73C8 /* ChillSpaceTests.xctest */,
				8787816F2D588A4F00FD73C8 /* ChillSpaceUITests.xctest */,
			);
			name = Products;
			sourceTree = "<group>";
		};
/* End PBXGroup section */

/* Begin PBXNativeTarget section */
		878781532D588A4C00FD73C8 /* ChillSpace */ = {
			isa = PBXNativeTarget;
			buildConfigurationList = 878781792D588A4F00FD73C8 /* Build configuration list for PBXNativeTarget "ChillSpace" */;
			buildPhases = (
				878781502D588A4C00FD73C8 /* Sources */,
				878781512D588A4C00FD73C8 /* Frameworks */,
				878781522D588A4C00FD73C8 /* Resources */,
			);
			buildRules = (
			);
			dependencies = (
			);
			fileSystemSynchronizedGroups = (
				878781562D588A4C00FD73C8 /* ChillSpace */,
			);
			name = ChillSpace;
			packageProductDependencies = (
			);
			productName = ChillSpace;
			productReference = 878781542D588A4C00FD73C8 /* ChillSpace.app */;
			productType = "com.apple.product-type.application";
		};
		878781642D588A4F00FD73C8 /* ChillSpaceTests */ = {
			isa = PBXNativeTarget;
			buildConfigurationList = 8787817C2D588A4F00FD73C8 /* Build configuration list for PBXNativeTarget "ChillSpaceTests" */;
			buildPhases = (
				878781612D588A4F00FD73C8 /* Sources */,
				878781622D588A4F00FD73C8 /* Frameworks */,
				878781632D588A4F00FD73C8 /* Resources */,
			);
			buildRules = (
			);
			dependencies = (
				878781672D588A4F00FD73C8 /* PBXTargetDependency */,
			);
			fileSystemSynchronizedGroups = (
				878781682D588A4F00FD73C8 /* ChillSpaceTests */,
			);
			name = ChillSpaceTests;
			packageProductDependencies = (
			);
			productName = ChillSpaceTests;
			productReference = 878781652D588A4F00FD73C8 /* ChillSpaceTests.xctest */;
			productType = "com.apple.product-type.bundle.unit-test";
		};
		8787816E2D588A4F00FD73C8 /* ChillSpaceUITests */ = {
			isa = PBXNativeTarget;
			buildConfigurationList = 8787817F2D588A4F00FD73C8 /* Build configuration list for PBXNativeTarget "ChillSpaceUITests" */;
			buildPhases = (
				8787816B2D588A4F00FD73C8 /* Sources */,
				8787816C2D588A4F00FD73C8 /* Frameworks */,
				8787816D2D588A4F00FD73C8 /* Resources */,
			);
			buildRules = (
			);
			dependencies = (
				878781712D588A4F00FD73C8 /* PBXTargetDependency */,
			);
			fileSystemSynchronizedGroups = (
				878781722D588A4F00FD73C8 /* ChillSpaceUITests */,
			);
			name = ChillSpaceUITests;
			packageProductDependencies = (
			);
			productName = ChillSpaceUITests;
			productReference = 8787816F2D588A4F00FD73C8 /* ChillSpaceUITests.xctest */;
			productType = "com.apple.product-type.bundle.ui-testing";
		};
/* End PBXNativeTarget section */

/* Begin PBXProject section */
		8787814C2D588A4C00FD73C8 /* Project object */ = {
			isa = PBXProject;
			attributes = {
				BuildIndependentTargetsInParallel = 1;
				LastSwiftUpdateCheck = 1620;
				LastUpgradeCheck = 1620;
				TargetAttributes = {
					878781532D588A4C00FD73C8 = {
						CreatedOnToolsVersion = 16.2;
					};
					878781642D588A4F00FD73C8 = {
						CreatedOnToolsVersion = 16.2;
						TestTargetID = 878781532D588A4C00FD73C8;
					};
					8787816E2D588A4F00FD73C8 = {
						CreatedOnToolsVersion = 16.2;
						TestTargetID = 878781532D588A4C00FD73C8;
					};
				};
			};
			buildConfigurationList = 8787814F2D588A4C00FD73C8 /* Build configuration list for PBXProject "ChillSpace" */;
			developmentRegion = en;
			hasScannedForEncodings = 0;
			knownRegions = (
				en,
				Base,
			);
			mainGroup = 8787814B2D588A4C00FD73C8;
			minimizedProjectReferenceProxies = 1;
			preferredProjectObjectVersion = 77;
			productRefGroup = 878781552D588A4C00FD73C8 /* Products */;
			projectDirPath = "";
			projectRoot = "";
			targets = (
				878781532D588A4C00FD73C8 /* ChillSpace */,
				878781642D588A4F00FD73C8 /* ChillSpaceTests */,
				8787816E2D588A4F00FD73C8 /* ChillSpaceUITests */,
			);
		};
/* End PBXProject section */

/* Begin PBXResourcesBuildPhase section */
		878781522D588A4C00FD73C8 /* Resources */ = {
			isa = PBXResourcesBuildPhase;
			buildActionMask = 2147483647;
			files = (
				87C7216B2D58A91400D0C1FA /* Info.plist in Resources */,
			);
			runOnlyForDeploymentPostprocessing = 0;
		};
		878781632D588A4F00FD73C8 /* Resources */ = {
			isa = PBXResourcesBuildPhase;
			buildActionMask = 2147483647;
			files = (
				87C7216C2D58A91400D0C1FA /* Info.plist in Resources */,
			);
			runOnlyForDeploymentPostprocessing = 0;
		};
		8787816D2D588A4F00FD73C8 /* Resources */ = {
			isa = PBXResourcesBuildPhase;
			buildActionMask = 2147483647;
			files = (
				87C7216D2D58A91400D0C1FA /* Info.plist in Resources */,
			);
			runOnlyForDeploymentPostprocessing = 0;
		};
/* End PBXResourcesBuildPhase section */

/* Begin PBXSourcesBuildPhase section */
		878781502D588A4C00FD73C8 /* Sources */ = {
			isa = PBXSourcesBuildPhase;
			buildActionMask = 2147483647;
			files = (
				87C721742D58A99C00D0C1FA /* AppDelegate.swift in Sources */,
				87C7216F2D58A96800D0C1FA /* SpotifyAuthManager.swift in Sources */,
			);
			runOnlyForDeploymentPostprocessing = 0;
		};
		878781612D588A4F00FD73C8 /* Sources */ = {
			isa = PBXSourcesBuildPhase;
			buildActionMask = 2147483647;
			files = (
				87C721732D58A99C00D0C1FA /* AppDelegate.swift in Sources */,
				87C721702D58A96800D0C1FA /* SpotifyAuthManager.swift in Sources */,
			);
			runOnlyForDeploymentPostprocessing = 0;
		};
		8787816B2D588A4F00FD73C8 /* Sources */ = {
			isa = PBXSourcesBuildPhase;
			buildActionMask = 2147483647;
			files = (
				87C721752D58A99C00D0C1FA /* AppDelegate.swift in Sources */,
				87C721712D58A96800D0C1FA /* SpotifyAuthManager.swift in Sources */,
			);
			runOnlyForDeploymentPostprocessing = 0;
		};
/* End PBXSourcesBuildPhase section */

/* Begin PBXTargetDependency section */
		878781672D588A4F00FD73C8 /* PBXTargetDependency */ = {
			isa = PBXTargetDependency;
			target = 878781532D588A4C00FD73C8 /* ChillSpace */;
			targetProxy = 878781662D588A4F00FD73C8 /* PBXContainerItemProxy */;
		};
		878781712D588A4F00FD73C8 /* PBXTargetDependency */ = {
			isa = PBXTargetDependency;
			target = 878781532D588A4C00FD73C8 /* ChillSpace */;
			targetProxy = 878781702D588A4F00FD73C8 /* PBXContainerItemProxy */;
		};
/* End PBXTargetDependency section */

/* Begin XCBuildConfiguration section */
		878781772D588A4F00FD73C8 /* Debug */ = {
			isa = XCBuildConfiguration;
			buildSettings = {
				ALWAYS_SEARCH_USER_PATHS = NO;
				ASSETCATALOG_COMPILER_GENERATE_SWIFT_ASSET_SYMBOL_EXTENSIONS = YES;
				CLANG_ANALYZER_NONNULL = YES;
				CLANG_ANALYZER_NUMBER_OBJECT_CONVERSION = YES_AGGRESSIVE;
				CLANG_CXX_LANGUAGE_STANDARD = "gnu++20";
				CLANG_ENABLE_MODULES = YES;
				CLANG_ENABLE_OBJC_ARC = YES;
				CLANG_ENABLE_OBJC_WEAK = YES;
				CLANG_WARN_BLOCK_CAPTURE_AUTORELEASING = YES;
				CLANG_WARN_BOOL_CONVERSION = YES;
				CLANG_WARN_COMMA = YES;
				CLANG_WARN_CONSTANT_CONVERSION = YES;
				CLANG_WARN_DEPRECATED_OBJC_IMPLEMENTATIONS = YES;
				CLANG_WARN_DIRECT_OBJC_ISA_USAGE = YES_ERROR;
				CLANG_WARN_DOCUMENTATION_COMMENTS = YES;
				CLANG_WARN_EMPTY_BODY = YES;
				CLANG_WARN_ENUM_CONVERSION = YES;
				CLANG_WARN_INFINITE_RECURSION = YES;
				CLANG_WARN_INT_CONVERSION = YES;
				CLANG_WARN_NON_LITERAL_NULL_CONVERSION = YES;
				CLANG_WARN_OBJC_IMPLICIT_RETAIN_SELF = YES;
				CLANG_WARN_OBJC_LITERAL_CONVERSION = YES;
				CLANG_WARN_OBJC_ROOT_CLASS = YES_ERROR;
				CLANG_WARN_QUOTED_INCLUDE_IN_FRAMEWORK_HEADER = YES;
				CLANG_WARN_RANGE_LOOP_ANALYSIS = YES;
				CLANG_WARN_STRICT_PROTOTYPES = YES;
				CLANG_WARN_SUSPICIOUS_MOVE = YES;
				CLANG_WARN_UNGUARDED_AVAILABILITY = YES_AGGRESSIVE;
				CLANG_WARN_UNREACHABLE_CODE = YES;
				CLANG_WARN__DUPLICATE_METHOD_MATCH = YES;
				COPY_PHASE_STRIP = NO;
				DEBUG_INFORMATION_FORMAT = dwarf;
				ENABLE_STRICT_OBJC_MSGSEND = YES;
				ENABLE_TESTABILITY = YES;
				ENABLE_USER_SCRIPT_SANDBOXING = YES;
				GCC_C_LANGUAGE_STANDARD = gnu17;
				GCC_DYNAMIC_NO_PIC = NO;
				GCC_NO_COMMON_BLOCKS = YES;
				GCC_OPTIMIZATION_LEVEL = 0;
				GCC_PREPROCESSOR_DEFINITIONS = (
					"DEBUG=1",
					"$(inherited)",
				);
				GCC_WARN_64_TO_32_BIT_CONVERSION = YES;
				GCC_WARN_ABOUT_RETURN_TYPE = YES_ERROR;
				GCC_WARN_UNDECLARED_SELECTOR = YES;
				GCC_WARN_UNINITIALIZED_AUTOS = YES_AGGRESSIVE;
				GCC_WARN_UNUSED_FUNCTION = YES;
				GCC_WARN_UNUSED_VARIABLE = YES;
				LOCALIZATION_PREFERS_STRING_CATALOGS = YES;
				MACOSX_DEPLOYMENT_TARGET = 15.2;
				MTL_ENABLE_DEBUG_INFO = INCLUDE_SOURCE;
				MTL_FAST_MATH = YES;
				ONLY_ACTIVE_ARCH = YES;
				SDKROOT = macosx;
				SWIFT_ACTIVE_COMPILATION_CONDITIONS = "DEBUG $(inherited)";
				SWIFT_OPTIMIZATION_LEVEL = "-Onone";
			};
			name = Debug;
		};
		878781782D588A4F00FD73C8 /* Release */ = {
			isa = XCBuildConfiguration;
			buildSettings = {
				ALWAYS_SEARCH_USER_PATHS = NO;
				ASSETCATALOG_COMPILER_GENERATE_SWIFT_ASSET_SYMBOL_EXTENSIONS = YES;
				CLANG_ANALYZER_NONNULL = YES;
				CLANG_ANALYZER_NUMBER_OBJECT_CONVERSION = YES_AGGRESSIVE;
				CLANG_CXX_LANGUAGE_STANDARD = "gnu++20";
				CLANG_ENABLE_MODULES = YES;
				CLANG_ENABLE_OBJC_ARC = YES;
				CLANG_ENABLE_OBJC_WEAK = YES;
				CLANG_WARN_BLOCK_CAPTURE_AUTORELEASING = YES;
				CLANG_WARN_BOOL_CONVERSION = YES;
				CLANG_WARN_COMMA = YES;
				CLANG_WARN_CONSTANT_CONVERSION = YES;
				CLANG_WARN_DEPRECATED_OBJC_IMPLEMENTATIONS = YES;
				CLANG_WARN_DIRECT_OBJC_ISA_USAGE = YES_ERROR;
				CLANG_WARN_DOCUMENTATION_COMMENTS = YES;
				CLANG_WARN_EMPTY_BODY = YES;
				CLANG_WARN_ENUM_CONVERSION = YES;
				CLANG_WARN_INFINITE_RECURSION = YES;
				CLANG_WARN_INT_CONVERSION = YES;
				CLANG_WARN_NON_LITERAL_NULL_CONVERSION = YES;
				CLANG_WARN_OBJC_IMPLICIT_RETAIN_SELF = YES;
				CLANG_WARN_OBJC_LITERAL_CONVERSION = YES;
				CLANG_WARN_OBJC_ROOT_CLASS = YES_ERROR;
				CLANG_WARN_QUOTED_INCLUDE_IN_FRAMEWORK_HEADER = YES;
				CLANG_WARN_RANGE_LOOP_ANALYSIS = YES;
				CLANG_WARN_STRICT_PROTOTYPES = YES;
				CLANG_WARN_SUSPICIOUS_MOVE = YES;
				CLANG_WARN_UNGUARDED_AVAILABILITY = YES_AGGRESSIVE;
				CLANG_WARN_UNREACHABLE_CODE = YES;
				CLANG_WARN__DUPLICATE_METHOD_MATCH = YES;
				COPY_PHASE_STRIP = NO;
				DEBUG_INFORMATION_FORMAT = "dwarf-with-dsym";
				ENABLE_NS_ASSERTIONS = NO;
				ENABLE_STRICT_OBJC_MSGSEND = YES;
				ENABLE_USER_SCRIPT_SANDBOXING = YES;
				GCC_C_LANGUAGE_STANDARD = gnu17;
				GCC_NO_COMMON_BLOCKS = YES;
				GCC_WARN_64_TO_32_BIT_CONVERSION = YES;
				GCC_WARN_ABOUT_RETURN_TYPE = YES_ERROR;
				GCC_WARN_UNDECLARED_SELECTOR = YES;
				GCC_WARN_UNINITIALIZED_AUTOS = YES_AGGRESSIVE;
				GCC_WARN_UNUSED_FUNCTION = YES;
				GCC_WARN_UNUSED_VARIABLE = YES;
				LOCALIZATION_PREFERS_STRING_CATALOGS = YES;
				MACOSX_DEPLOYMENT_TARGET = 15.2;
				MTL_ENABLE_DEBUG_INFO = NO;
				MTL_FAST_MATH = YES;
				SDKROOT = macosx;
				SWIFT_COMPILATION_MODE = wholemodule;
			};
			name = Release;
		};
		8787817A2D588A4F00FD73C8 /* Debug */ = {
			isa = XCBuildConfiguration;
			buildSettings = {
				ASSETCATALOG_COMPILER_APPICON_NAME = AppIcon;
				ASSETCATALOG_COMPILER_GLOBAL_ACCENT_COLOR_NAME = AccentColor;
				CODE_SIGN_ENTITLEMENTS = ChillSpace/ChillSpace.entitlements;
				CODE_SIGN_STYLE = Automatic;
				COMBINE_HIDPI_IMAGES = YES;
				CURRENT_PROJECT_VERSION = 1;
				DEVELOPMENT_ASSET_PATHS = "\"ChillSpace/Preview Content\"";
				DEVELOPMENT_TEAM = 7U4QN8H9D5;
				ENABLE_HARDENED_RUNTIME = YES;
				ENABLE_PREVIEWS = YES;
				GENERATE_INFOPLIST_FILE = YES;
				INFOPLIST_KEY_NSHumanReadableCopyright = "";
				LD_RUNPATH_SEARCH_PATHS = (
					"$(inherited)",
					"@executable_path/../Frameworks",
				);
				MARKETING_VERSION = 1.0;
				PRODUCT_BUNDLE_IDENTIFIER = com.wbotcs.ChillSpace.ChillSpace;
				PRODUCT_NAME = "$(TARGET_NAME)";
				SWIFT_EMIT_LOC_STRINGS = YES;
				SWIFT_VERSION = 5.0;
			};
			name = Debug;
		};
		8787817B2D588A4F00FD73C8 /* Release */ = {
			isa = XCBuildConfiguration;
			buildSettings = {
				ASSETCATALOG_COMPILER_APPICON_NAME = AppIcon;
				ASSETCATALOG_COMPILER_GLOBAL_ACCENT_COLOR_NAME = AccentColor;
				CODE_SIGN_ENTITLEMENTS = ChillSpace/ChillSpace.entitlements;
				CODE_SIGN_STYLE = Automatic;
				COMBINE_HIDPI_IMAGES = YES;
				CURRENT_PROJECT_VERSION = 1;
				DEVELOPMENT_ASSET_PATHS = "\"ChillSpace/Preview Content\"";
				DEVELOPMENT_TEAM = 7U4QN8H9D5;
				ENABLE_HARDENED_RUNTIME = YES;
				ENABLE_PREVIEWS = YES;
				GENERATE_INFOPLIST_FILE = YES;
				INFOPLIST_KEY_NSHumanReadableCopyright = "";
				LD_RUNPATH_SEARCH_PATHS = (
					"$(inherited)",
					"@executable_path/../Frameworks",
				);
				MARKETING_VERSION = 1.0;
				PRODUCT_BUNDLE_IDENTIFIER = com.wbotcs.ChillSpace.ChillSpace;
				PRODUCT_NAME = "$(TARGET_NAME)";
				SWIFT_EMIT_LOC_STRINGS = YES;
				SWIFT_VERSION = 5.0;
			};
			name = Release;
		};
		8787817D2D588A4F00FD73C8 /* Debug */ = {
			isa = XCBuildConfiguration;
			buildSettings = {
				BUNDLE_LOADER = "$(TEST_HOST)";
				CODE_SIGN_STYLE = Automatic;
				CURRENT_PROJECT_VERSION = 1;
				DEVELOPMENT_TEAM = 7U4QN8H9D5;
				GENERATE_INFOPLIST_FILE = YES;
				MACOSX_DEPLOYMENT_TARGET = 15.2;
				MARKETING_VERSION = 1.0;
				PRODUCT_BUNDLE_IDENTIFIER = com.wbotcs.ChillSpace.ChillSpaceTests;
				PRODUCT_NAME = "$(TARGET_NAME)";
				SWIFT_EMIT_LOC_STRINGS = NO;
				SWIFT_VERSION = 5.0;
				TEST_HOST = "$(BUILT_PRODUCTS_DIR)/ChillSpace.app/$(BUNDLE_EXECUTABLE_FOLDER_PATH)/ChillSpace";
			};
			name = Debug;
		};
		8787817E2D588A4F00FD73C8 /* Release */ = {
			isa = XCBuildConfiguration;
			buildSettings = {
				BUNDLE_LOADER = "$(TEST_HOST)";
				CODE_SIGN_STYLE = Automatic;
				CURRENT_PROJECT_VERSION = 1;
				DEVELOPMENT_TEAM = 7U4QN8H9D5;
				GENERATE_INFOPLIST_FILE = YES;
				MACOSX_DEPLOYMENT_TARGET = 15.2;
				MARKETING_VERSION = 1.0;
				PRODUCT_BUNDLE_IDENTIFIER = com.wbotcs.ChillSpace.ChillSpaceTests;
				PRODUCT_NAME = "$(TARGET_NAME)";
				SWIFT_EMIT_LOC_STRINGS = NO;
				SWIFT_VERSION = 5.0;
				TEST_HOST = "$(BUILT_PRODUCTS_DIR)/ChillSpace.app/$(BUNDLE_EXECUTABLE_FOLDER_PATH)/ChillSpace";
			};
			name = Release;
		};
		878781802D588A4F00FD73C8 /* Debug */ = {
			isa = XCBuildConfiguration;
			buildSettings = {
				CODE_SIGN_STYLE = Automatic;
				CURRENT_PROJECT_VERSION = 1;
				DEVELOPMENT_TEAM = 7U4QN8H9D5;
				GENERATE_INFOPLIST_FILE = YES;
				MARKETING_VERSION = 1.0;
				PRODUCT_BUNDLE_IDENTIFIER = com.wbotcs.ChillSpace.ChillSpaceUITests;
				PRODUCT_NAME = "$(TARGET_NAME)";
				SWIFT_EMIT_LOC_STRINGS = NO;
				SWIFT_VERSION = 5.0;
				TEST_TARGET_NAME = ChillSpace;
			};
			name = Debug;
		};
		878781812D588A4F00FD73C8 /* Release */ = {
			isa = XCBuildConfiguration;
			buildSettings = {
				CODE_SIGN_STYLE = Automatic;
				CURRENT_PROJECT_VERSION = 1;
				DEVELOPMENT_TEAM = 7U4QN8H9D5;
				GENERATE_INFOPLIST_FILE = YES;
				MARKETING_VERSION = 1.0;
				PRODUCT_BUNDLE_IDENTIFIER = com.wbotcs.ChillSpace.ChillSpaceUITests;
				PRODUCT_NAME = "$(TARGET_NAME)";
				SWIFT_EMIT_LOC_STRINGS = NO;
				SWIFT_VERSION = 5.0;
				TEST_TARGET_NAME = ChillSpace;
			};
			name = Release;
		};
/* End XCBuildConfiguration section */

/* Begin XCConfigurationList section */
		8787814F2D588A4C00FD73C8 /* Build configuration list for PBXProject "ChillSpace" */ = {
			isa = XCConfigurationList;
			buildConfigurations = (
				878781772D588A4F00FD73C8 /* Debug */,
				878781782D588A4F00FD73C8 /* Release */,
			);
			defaultConfigurationIsVisible = 0;
			defaultConfigurationName = Release;
		};
		878781792D588A4F00FD73C8 /* Build configuration list for PBXNativeTarget "ChillSpace" */ = {
			isa = XCConfigurationList;
			buildConfigurations = (
				8787817A2D588A4F00FD73C8 /* Debug */,
				8787817B2D588A4F00FD73C8 /* Release */,
			);
			defaultConfigurationIsVisible = 0;
			defaultConfigurationName = Release;
		};
		8787817C2D588A4F00FD73C8 /* Build configuration list for PBXNativeTarget "ChillSpaceTests" */ = {
			isa = XCConfigurationList;
			buildConfigurations = (
				8787817D2D588A4F00FD73C8 /* Debug */,
				8787817E2D588A4F00FD73C8 /* Release */,
			);
			defaultConfigurationIsVisible = 0;
			defaultConfigurationName = Release;
		};
		8787817F2D588A4F00FD73C8 /* Build configuration list for PBXNativeTarget "ChillSpaceUITests" */ = {
			isa = XCConfigurationList;
			buildConfigurations = (
				878781802D588A4F00FD73C8 /* Debug */,
				878781812D588A4F00FD73C8 /* Release */,
			);
			defaultConfigurationIsVisible = 0;
			defaultConfigurationName = Release;
		};
/* End XCConfigurationList section */
	};
	rootObject = 8787814C2D588A4C00FD73C8 /* Project object */;
}
